
Microsoft Visual Studio Solution File, Format Version 12.00
# Visual Studio Version 16
VisualStudioVersion = 16.0.31321.278
MinimumVisualStudioVersion = 10.0.40219.1
Project("{888888A0-9F3D-457C-B088-3A5042F75D52}") = "BogosortPython", "BogosortPython\BogosortPython.pyproj", "{062C2E86-9FDD-4167-BF9C-FD6144776597}"
EndProject
Global
	GlobalSection(SolutionConfigurationPlatforms) = preSolution
		Debug|Any CPU = Debug|Any CPU
		Release|Any CPU = Release|Any CPU
	EndGlobalSection
	GlobalSection(ProjectConfigurationPlatforms) = postSolution
		{062C2E86-9FDD-4167-BF9C-FD6144776597}.Debug|Any CPU.ActiveCfg = Debug|Any CPU
		{062C2E86-9FDD-4167-BF9C-FD6144776597}.Release|Any CPU.ActiveCfg = Release|Any CPU
	EndGlobalSection
	GlobalSection(SolutionProperties) = preSolution
		HideSolutionNode = FALSE
	EndGlobalSection
	GlobalSection(ExtensibilityGlobals) = postSolution
		SolutionGuid = {8EF03850-6A55-43A7-A59C-0A7AD9EA9731}
	EndGlobalSection
EndGlobal
